
Microsoft Visual Studio Solution File, Format Version 12.00
# Visual Studio Version 17
VisualStudioVersion = 17.9.34607.119
MinimumVisualStudioVersion = 10.0.40219.1
Project("{2150E333-8FDC-42A3-9474-1A3956D46DE8}") = "src", "src", "{E9E3B646-4C73-4C7D-A111-AFD3A589A746}"
EndProject
Project("{2150E333-8FDC-42A3-9474-1A3956D46DE8}") = "tests", "tests", "{B1D92F7A-367E-40CE-A2F5-2A79B0C1D842}"
EndProject
Project("{9A19103F-16F7-4668-BE54-9A1E7A4F7556}") = "Web", "src\Web\Web.csproj", "{3A51C6D0-FE78-41C9-B996-011FE02BBA3F}"
EndProject
Project("{9A19103F-16F7-4668-BE54-9A1E7A4F7556}") = "Infrastructure", "src\Infrastructure\Infrastructure.csproj", "{CA55F162-3BBF-4F7B-AF91-5B7BFFD6F88D}"
EndProject
Project("{9A19103F-16F7-4668-BE54-9A1E7A4F7556}") = "ApplicationCore", "src\ApplicationCore\ApplicationCore.csproj", "{7435DA29-3D9B-45AC-BA59-339892D81E5E}"
EndProject
Project("{9A19103F-16F7-4668-BE54-9A1E7A4F7556}") = "UnitTests", "tests\UnitTests\UnitTests.csproj", "{5C84860D-E087-489F-8FC7-3B78D6890984}"
EndProject
Project("{2150E333-8FDC-42A3-9474-1A3956D46DE8}") = "Solution Items", "Solution Items", "{598EE778-632E-4C16-9C4F-EDDA59A12FD7}"
	ProjectSection(SolutionItems) = preProject
		README.md = README.md
	EndProjectSection
EndProject
Global
	GlobalSection(SolutionConfigurationPlatforms) = preSolution
		Debug|Any CPU = Debug|Any CPU
		Release|Any CPU = Release|Any CPU
	EndGlobalSection
	GlobalSection(ProjectConfigurationPlatforms) = postSolution
		{3A51C6D0-FE78-41C9-B996-011FE02BBA3F}.Debug|Any CPU.ActiveCfg = Debug|Any CPU
		{3A51C6D0-FE78-41C9-B996-011FE02BBA3F}.Debug|Any CPU.Build.0 = Debug|Any CPU
		{3A51C6D0-FE78-41C9-B996-011FE02BBA3F}.Release|Any CPU.ActiveCfg = Release|Any CPU
		{3A51C6D0-FE78-41C9-B996-011FE02BBA3F}.Release|Any CPU.Build.0 = Release|Any CPU
		{CA55F162-3BBF-4F7B-AF91-5B7BFFD6F88D}.Debug|Any CPU.ActiveCfg = Debug|Any CPU
		{CA55F162-3BBF-4F7B-AF91-5B7BFFD6F88D}.Debug|Any CPU.Build.0 = Debug|Any CPU
		{CA55F162-3BBF-4F7B-AF91-5B7BFFD6F88D}.Release|Any CPU.ActiveCfg = Release|Any CPU
		{CA55F162-3BBF-4F7B-AF91-5B7BFFD6F88D}.Release|Any CPU.Build.0 = Release|Any CPU
		{7435DA29-3D9B-45AC-BA59-339892D81E5E}.Debug|Any CPU.ActiveCfg = Debug|Any CPU
		{7435DA29-3D9B-45AC-BA59-339892D81E5E}.Debug|Any CPU.Build.0 = Debug|Any CPU
		{7435DA29-3D9B-45AC-BA59-339892D81E5E}.Release|Any CPU.ActiveCfg = Release|Any CPU
		{7435DA29-3D9B-45AC-BA59-339892D81E5E}.Release|Any CPU.Build.0 = Release|Any CPU
		{5C84860D-E087-489F-8FC7-3B78D6890984}.Debug|Any CPU.ActiveCfg = Debug|Any CPU
		{5C84860D-E087-489F-8FC7-3B78D6890984}.Debug|Any CPU.Build.0 = Debug|Any CPU
		{5C84860D-E087-489F-8FC7-3B78D6890984}.Release|Any CPU.ActiveCfg = Release|Any CPU
		{5C84860D-E087-489F-8FC7-3B78D6890984}.Release|Any CPU.Build.0 = Release|Any CPU
	EndGlobalSection
	GlobalSection(SolutionProperties) = preSolution
		HideSolutionNode = FALSE
	EndGlobalSection
	GlobalSection(NestedProjects) = preSolution
		{3A51C6D0-FE78-41C9-B996-011FE02BBA3F} = {E9E3B646-4C73-4C7D-A111-AFD3A589A746}
		{CA55F162-3BBF-4F7B-AF91-5B7BFFD6F88D} = {E9E3B646-4C73-4C7D-A111-AFD3A589A746}
		{7435DA29-3D9B-45AC-BA59-339892D81E5E} = {E9E3B646-4C73-4C7D-A111-AFD3A589A746}
		{5C84860D-E087-489F-8FC7-3B78D6890984} = {B1D92F7A-367E-40CE-A2F5-2A79B0C1D842}
	EndGlobalSection
	GlobalSection(ExtensibilityGlobals) = postSolution
		SolutionGuid = {08EB9A35-0C48-4D30-A599-1E4BA10173E9}
	EndGlobalSection
EndGlobal
